
Microsoft Visual Studio Solution File, Format Version 12.00
# Visual Studio 14
VisualStudioVersion = 14.0.23107.0
MinimumVisualStudioVersion = 10.0.40219.1
Project("{E24C65DC-7377-472B-9ABA-BC803B73C61A}") = "WebSite1(1)", "..\..\..\Documents\GitHub\WebSite1\", "{3E278751-7350-43F0-94EC-0C3F89D08AB2}"
	ProjectSection(WebsiteProperties) = preProject
		TargetFrameworkMoniker = ".NETFramework,Version%3Dv4.6.1"
		Debug.AspNetCompiler.VirtualPath = "/localhost_53080"
		Debug.AspNetCompiler.PhysicalPath = "..\..\..\Documents\GitHub\WebSite1\"
		Debug.AspNetCompiler.TargetPath = "PrecompiledWeb\localhost_53080\"
		Debug.AspNetCompiler.Updateable = "true"
		Debug.AspNetCompiler.ForceOverwrite = "true"
		Debug.AspNetCompiler.FixedNames = "false"
		Debug.AspNetCompiler.Debug = "True"
		Release.AspNetCompiler.VirtualPath = "/localhost_53080"
		Release.AspNetCompiler.PhysicalPath = "..\..\..\Documents\GitHub\WebSite1\"
		Release.AspNetCompiler.TargetPath = "PrecompiledWeb\localhost_53080\"
		Release.AspNetCompiler.Updateable = "true"
		Release.AspNetCompiler.ForceOverwrite = "true"
		Release.AspNetCompiler.FixedNames = "false"
		Release.AspNetCompiler.Debug = "False"
		VWDPort = "53080"
		SlnRelativePath = "..\..\..\Documents\GitHub\WebSite1\"
		DefaultWebSiteLanguage = "Visual C#"
	EndProjectSection
EndProject
Project("{2150E333-8FDC-42A3-9474-1A3956D46DE8}") = "Solution Items", "Solution Items", "{2874E1A0-1CC5-440F-BC74-401A048A1730}"
EndProject
Global
	GlobalSection(SolutionConfigurationPlatforms) = preSolution
		Debug|Any CPU = Debug|Any CPU
	EndGlobalSection
	GlobalSection(ProjectConfigurationPlatforms) = postSolution
		{3E278751-7350-43F0-94EC-0C3F89D08AB2}.Debug|Any CPU.ActiveCfg = Debug|Any CPU
		{3E278751-7350-43F0-94EC-0C3F89D08AB2}.Debug|Any CPU.Build.0 = Debug|Any CPU
	EndGlobalSection
	GlobalSection(SolutionProperties) = preSolution
		HideSolutionNode = FALSE
	EndGlobalSection
	GlobalSection(ExtensibilityGlobals) = postSolution
		SolutionGuid = {811D657D-9FD6-4186-A958-56BBC88EC7FE}
	EndGlobalSection
EndGlobal
